// !$*UTF8*$!
{
	archiveVersion = 1;
	classes = {
	};
	objectVersion = 77;
	objects = {

/* Begin PBXContainerItemProxy section */
		58FE65372D89F1CE00EA4791 /* PBXContainerItemProxy */ = {
			isa = PBXContainerItemProxy;
			containerPortal = 58FE651E2D89F1CC00EA4791 /* Project object */;
			proxyType = 1;
			remoteGlobalIDString = 58FE65252D89F1CC00EA4791;
			remoteInfo = Marvel_Comicbook_Lore;
		};
		58FE65412D89F1CE00EA4791 /* PBXContainerItemProxy */ = {
			isa = PBXContainerItemProxy;
			containerPortal = 58FE651E2D89F1CC00EA4791 /* Project object */;
			proxyType = 1;
			remoteGlobalIDString = 58FE65252D89F1CC00EA4791;
			remoteInfo = Marvel_Comicbook_Lore;
		};
/* End PBXContainerItemProxy section */

/* Begin PBXFileReference section */
		58FE65262D89F1CC00EA4791 /* Marvel_Comicbook_Lore.app */ = {isa = PBXFileReference; explicitFileType = wrapper.application; includeInIndex = 0; path = Marvel_Comicbook_Lore.app; sourceTree = BUILT_PRODUCTS_DIR; };
		58FE65362D89F1CE00EA4791 /* Marvel_Comicbook_LoreTests.xctest */ = {isa = PBXFileReference; explicitFileType = wrapper.cfbundle; includeInIndex = 0; path = Marvel_Comicbook_LoreTests.xctest; sourceTree = BUILT_PRODUCTS_DIR; };
		58FE65402D89F1CE00EA4791 /* Marvel_Comicbook_LoreUITests.xctest */ = {isa = PBXFileReference; explicitFileType = wrapper.cfbundle; includeInIndex = 0; path = Marvel_Comicbook_LoreUITests.xctest; sourceTree = BUILT_PRODUCTS_DIR; };
/* End PBXFileReference section */

/* Begin PBXFileSystemSynchronizedRootGroup section */
		58FE65282D89F1CC00EA4791 /* Marvel_Comicbook_Lore */ = {
			isa = PBXFileSystemSynchronizedRootGroup;
			path = Marvel_Comicbook_Lore;
			sourceTree = "<group>";
		};
		58FE65392D89F1CE00EA4791 /* Marvel_Comicbook_LoreTests */ = {
			isa = PBXFileSystemSynchronizedRootGroup;
			path = Marvel_Comicbook_LoreTests;
			sourceTree = "<group>";
		};
		58FE65432D89F1CE00EA4791 /* Marvel_Comicbook_LoreUITests */ = {
			isa = PBXFileSystemSynchronizedRootGroup;
			path = Marvel_Comicbook_LoreUITests;
			sourceTree = "<group>";
		};
/* End PBXFileSystemSynchronizedRootGroup section */

/* Begin PBXFrameworksBuildPhase section */
		58FE65232D89F1CC00EA4791 /* Frameworks */ = {
			isa = PBXFrameworksBuildPhase;
			buildActionMask = 2147483647;
			files = (
			);
			runOnlyForDeploymentPostprocessing = 0;
		};
		58FE65332D89F1CE00EA4791 /* Frameworks */ = {
			isa = PBXFrameworksBuildPhase;
			buildActionMask = 2147483647;
			files = (
			);
			runOnlyForDeploymentPostprocessing = 0;
		};
		58FE653D2D89F1CE00EA4791 /* Frameworks */ = {
			isa = PBXFrameworksBuildPhase;
			buildActionMask = 2147483647;
			files = (
			);
			runOnlyForDeploymentPostprocessing = 0;
		};
/* End PBXFrameworksBuildPhase section */

/* Begin PBXGroup section */
		58FE651D2D89F1CC00EA4791 = {
			isa = PBXGroup;
			children = (
				58FE65282D89F1CC00EA4791 /* Marvel_Comicbook_Lore */,
				58FE65392D89F1CE00EA4791 /* Marvel_Comicbook_LoreTests */,
				58FE65432D89F1CE00EA4791 /* Marvel_Comicbook_LoreUITests */,
				58FE65272D89F1CC00EA4791 /* Products */,
			);
			sourceTree = "<group>";
		};
		58FE65272D89F1CC00EA4791 /* Products */ = {
			isa = PBXGroup;
			children = (
				58FE65262D89F1CC00EA4791 /* Marvel_Comicbook_Lore.app */,
				58FE65362D89F1CE00EA4791 /* Marvel_Comicbook_LoreTests.xctest */,
				58FE65402D89F1CE00EA4791 /* Marvel_Comicbook_LoreUITests.xctest */,
			);
			name = Products;
			sourceTree = "<group>";
		};
/* End PBXGroup section */

/* Begin PBXNativeTarget section */
		58FE65252D89F1CC00EA4791 /* Marvel_Comicbook_Lore */ = {
			isa = PBXNativeTarget;
			buildConfigurationList = 58FE654A2D89F1CE00EA4791 /* Build configuration list for PBXNativeTarget "Marvel_Comicbook_Lore" */;
			buildPhases = (
				58FE65222D89F1CC00EA4791 /* Sources */,
				58FE65232D89F1CC00EA4791 /* Frameworks */,
				58FE65242D89F1CC00EA4791 /* Resources */,
			);
			buildRules = (
			);
			dependencies = (
			);
			fileSystemSynchronizedGroups = (
				58FE65282D89F1CC00EA4791 /* Marvel_Comicbook_Lore */,
			);
			name = Marvel_Comicbook_Lore;
			packageProductDependencies = (
			);
			productName = Marvel_Comicbook_Lore;
			productReference = 58FE65262D89F1CC00EA4791 /* Marvel_Comicbook_Lore.app */;
			productType = "com.apple.product-type.application";
		};
		58FE65352D89F1CE00EA4791 /* Marvel_Comicbook_LoreTests */ = {
			isa = PBXNativeTarget;
			buildConfigurationList = 58FE654D2D89F1CE00EA4791 /* Build configuration list for PBXNativeTarget "Marvel_Comicbook_LoreTests" */;
			buildPhases = (
				58FE65322D89F1CE00EA4791 /* Sources */,
				58FE65332D89F1CE00EA4791 /* Frameworks */,
				58FE65342D89F1CE00EA4791 /* Resources */,
			);
			buildRules = (
			);
			dependencies = (
				58FE65382D89F1CE00EA4791 /* PBXTargetDependency */,
			);
			fileSystemSynchronizedGroups = (
				58FE65392D89F1CE00EA4791 /* Marvel_Comicbook_LoreTests */,
			);
			name = Marvel_Comicbook_LoreTests;
			packageProductDependencies = (
			);
			productName = Marvel_Comicbook_LoreTests;
			productReference = 58FE65362D89F1CE00EA4791 /* Marvel_Comicbook_LoreTests.xctest */;
			productType = "com.apple.product-type.bundle.unit-test";
		};
		58FE653F2D89F1CE00EA4791 /* Marvel_Comicbook_LoreUITests */ = {
			isa = PBXNativeTarget;
			buildConfigurationList = 58FE65502D89F1CE00EA4791 /* Build configuration list for PBXNativeTarget "Marvel_Comicbook_LoreUITests" */;
			buildPhases = (
				58FE653C2D89F1CE00EA4791 /* Sources */,
				58FE653D2D89F1CE00EA4791 /* Frameworks */,
				58FE653E2D89F1CE00EA4791 /* Resources */,
			);
			buildRules = (
			);
			dependencies = (
				58FE65422D89F1CE00EA4791 /* PBXTargetDependency */,
			);
			fileSystemSynchronizedGroups = (
				58FE65432D89F1CE00EA4791 /* Marvel_Comicbook_LoreUITests */,
			);
			name = Marvel_Comicbook_LoreUITests;
			packageProductDependencies = (
			);
			productName = Marvel_Comicbook_LoreUITests;
			productReference = 58FE65402D89F1CE00EA4791 /* Marvel_Comicbook_LoreUITests.xctest */;
			productType = "com.apple.product-type.bundle.ui-testing";
		};
/* End PBXNativeTarget section */

/* Begin PBXProject section */
		58FE651E2D89F1CC00EA4791 /* Project object */ = {
			isa = PBXProject;
			attributes = {
				BuildIndependentTargetsInParallel = 1;
				LastSwiftUpdateCheck = 1620;
				LastUpgradeCheck = 1620;
				TargetAttributes = {
					58FE65252D89F1CC00EA4791 = {
						CreatedOnToolsVersion = 16.2;
					};
					58FE65352D89F1CE00EA4791 = {
						CreatedOnToolsVersion = 16.2;
						TestTargetID = 58FE65252D89F1CC00EA4791;
					};
					58FE653F2D89F1CE00EA4791 = {
						CreatedOnToolsVersion = 16.2;
						TestTargetID = 58FE65252D89F1CC00EA4791;
					};
				};
			};
			buildConfigurationList = 58FE65212D89F1CC00EA4791 /* Build configuration list for PBXProject "Marvel_Comicbook_Lore" */;
			developmentRegion = en;
			hasScannedForEncodings = 0;
			knownRegions = (
				en,
				Base,
			);
			mainGroup = 58FE651D2D89F1CC00EA4791;
			minimizedProjectReferenceProxies = 1;
			preferredProjectObjectVersion = 77;
			productRefGroup = 58FE65272D89F1CC00EA4791 /* Products */;
			projectDirPath = "";
			projectRoot = "";
			targets = (
				58FE65252D89F1CC00EA4791 /* Marvel_Comicbook_Lore */,
				58FE65352D89F1CE00EA4791 /* Marvel_Comicbook_LoreTests */,
				58FE653F2D89F1CE00EA4791 /* Marvel_Comicbook_LoreUITests */,
			);
		};
/* End PBXProject section */

/* Begin PBXResourcesBuildPhase section */
		58FE65242D89F1CC00EA4791 /* Resources */ = {
			isa = PBXResourcesBuildPhase;
			buildActionMask = 2147483647;
			files = (
			);
			runOnlyForDeploymentPostprocessing = 0;
		};
		58FE65342D89F1CE00EA4791 /* Resources */ = {
			isa = PBXResourcesBuildPhase;
			buildActionMask = 2147483647;
			files = (
			);
			runOnlyForDeploymentPostprocessing = 0;
		};
		58FE653E2D89F1CE00EA4791 /* Resources */ = {
			isa = PBXResourcesBuildPhase;
			buildActionMask = 2147483647;
			files = (
			);
			runOnlyForDeploymentPostprocessing = 0;
		};
/* End PBXResourcesBuildPhase section */

/* Begin PBXSourcesBuildPhase section */
		58FE65222D89F1CC00EA4791 /* Sources */ = {
			isa = PBXSourcesBuildPhase;
			buildActionMask = 2147483647;
			files = (
			);
			runOnlyForDeploymentPostprocessing = 0;
		};
		58FE65322D89F1CE00EA4791 /* Sources */ = {
			isa = PBXSourcesBuildPhase;
			buildActionMask = 2147483647;
			files = (
			);
			runOnlyForDeploymentPostprocessing = 0;
		};
		58FE653C2D89F1CE00EA4791 /* Sources */ = {
			isa = PBXSourcesBuildPhase;
			buildActionMask = 2147483647;
			files = (
			);
			runOnlyForDeploymentPostprocessing = 0;
		};
/* End PBXSourcesBuildPhase section */

/* Begin PBXTargetDependency section */
		58FE65382D89F1CE00EA4791 /* PBXTargetDependency */ = {
			isa = PBXTargetDependency;
			target = 58FE65252D89F1CC00EA4791 /* Marvel_Comicbook_Lore */;
			targetProxy = 58FE65372D89F1CE00EA4791 /* PBXContainerItemProxy */;
		};
		58FE65422D89F1CE00EA4791 /* PBXTargetDependency */ = {
			isa = PBXTargetDependency;
			target = 58FE65252D89F1CC00EA4791 /* Marvel_Comicbook_Lore */;
			targetProxy = 58FE65412D89F1CE00EA4791 /* PBXContainerItemProxy */;
		};
/* End PBXTargetDependency section */

/* Begin XCBuildConfiguration section */
		58FE65482D89F1CE00EA4791 /* Debug */ = {
			isa = XCBuildConfiguration;
			buildSettings = {
				ALWAYS_SEARCH_USER_PATHS = NO;
				ASSETCATALOG_COMPILER_GENERATE_SWIFT_ASSET_SYMBOL_EXTENSIONS = YES;
				CLANG_ANALYZER_NONNULL = YES;
				CLANG_ANALYZER_NUMBER_OBJECT_CONVERSION = YES_AGGRESSIVE;
				CLANG_CXX_LANGUAGE_STANDARD = "gnu++20";
				CLANG_ENABLE_MODULES = YES;
				CLANG_ENABLE_OBJC_ARC = YES;
				CLANG_ENABLE_OBJC_WEAK = YES;
				CLANG_WARN_BLOCK_CAPTURE_AUTORELEASING = YES;
				CLANG_WARN_BOOL_CONVERSION = YES;
				CLANG_WARN_COMMA = YES;
				CLANG_WARN_CONSTANT_CONVERSION = YES;
				CLANG_WARN_DEPRECATED_OBJC_IMPLEMENTATIONS = YES;
				CLANG_WARN_DIRECT_OBJC_ISA_USAGE = YES_ERROR;
				CLANG_WARN_DOCUMENTATION_COMMENTS = YES;
				CLANG_WARN_EMPTY_BODY = YES;
				CLANG_WARN_ENUM_CONVERSION = YES;
				CLANG_WARN_INFINITE_RECURSION = YES;
				CLANG_WARN_INT_CONVERSION = YES;
				CLANG_WARN_NON_LITERAL_NULL_CONVERSION = YES;
				CLANG_WARN_OBJC_IMPLICIT_RETAIN_SELF = YES;
				CLANG_WARN_OBJC_LITERAL_CONVERSION = YES;
				CLANG_WARN_OBJC_ROOT_CLASS = YES_ERROR;
				CLANG_WARN_QUOTED_INCLUDE_IN_FRAMEWORK_HEADER = YES;
				CLANG_WARN_RANGE_LOOP_ANALYSIS = YES;
				CLANG_WARN_STRICT_PROTOTYPES = YES;
				CLANG_WARN_SUSPICIOUS_MOVE = YES;
				CLANG_WARN_UNGUARDED_AVAILABILITY = YES_AGGRESSIVE;
				CLANG_WARN_UNREACHABLE_CODE = YES;
				CLANG_WARN__DUPLICATE_METHOD_MATCH = YES;
				COPY_PHASE_STRIP = NO;
				DEBUG_INFORMATION_FORMAT = dwarf;
				ENABLE_STRICT_OBJC_MSGSEND = YES;
				ENABLE_TESTABILITY = YES;
				ENABLE_USER_SCRIPT_SANDBOXING = YES;
				GCC_C_LANGUAGE_STANDARD = gnu17;
				GCC_DYNAMIC_NO_PIC = NO;
				GCC_NO_COMMON_BLOCKS = YES;
				GCC_OPTIMIZATION_LEVEL = 0;
				GCC_PREPROCESSOR_DEFINITIONS = (
					"DEBUG=1",
					"$(inherited)",
				);
				GCC_WARN_64_TO_32_BIT_CONVERSION = YES;
				GCC_WARN_ABOUT_RETURN_TYPE = YES_ERROR;
				GCC_WARN_UNDECLARED_SELECTOR = YES;
				GCC_WARN_UNINITIALIZED_AUTOS = YES_AGGRESSIVE;
				GCC_WARN_UNUSED_FUNCTION = YES;
				GCC_WARN_UNUSED_VARIABLE = YES;
				IPHONEOS_DEPLOYMENT_TARGET = 18.2;
				LOCALIZATION_PREFERS_STRING_CATALOGS = YES;
				MTL_ENABLE_DEBUG_INFO = INCLUDE_SOURCE;
				MTL_FAST_MATH = YES;
				ONLY_ACTIVE_ARCH = YES;
				SDKROOT = iphoneos;
				SWIFT_ACTIVE_COMPILATION_CONDITIONS = "DEBUG $(inherited)";
				SWIFT_OPTIMIZATION_LEVEL = "-Onone";
			};
			name = Debug;
		};
		58FE65492D89F1CE00EA4791 /* Release */ = {
			isa = XCBuildConfiguration;
			buildSettings = {
				ALWAYS_SEARCH_USER_PATHS = NO;
				ASSETCATALOG_COMPILER_GENERATE_SWIFT_ASSET_SYMBOL_EXTENSIONS = YES;
				CLANG_ANALYZER_NONNULL = YES;
				CLANG_ANALYZER_NUMBER_OBJECT_CONVERSION = YES_AGGRESSIVE;
				CLANG_CXX_LANGUAGE_STANDARD = "gnu++20";
				CLANG_ENABLE_MODULES = YES;
				CLANG_ENABLE_OBJC_ARC = YES;
				CLANG_ENABLE_OBJC_WEAK = YES;
				CLANG_WARN_BLOCK_CAPTURE_AUTORELEASING = YES;
				CLANG_WARN_BOOL_CONVERSION = YES;
				CLANG_WARN_COMMA = YES;
				CLANG_WARN_CONSTANT_CONVERSION = YES;
				CLANG_WARN_DEPRECATED_OBJC_IMPLEMENTATIONS = YES;
				CLANG_WARN_DIRECT_OBJC_ISA_USAGE = YES_ERROR;
				CLANG_WARN_DOCUMENTATION_COMMENTS = YES;
				CLANG_WARN_EMPTY_BODY = YES;
				CLANG_WARN_ENUM_CONVERSION = YES;
				CLANG_WARN_INFINITE_RECURSION = YES;
				CLANG_WARN_INT_CONVERSION = YES;
				CLANG_WARN_NON_LITERAL_NULL_CONVERSION = YES;
				CLANG_WARN_OBJC_IMPLICIT_RETAIN_SELF = YES;
				CLANG_WARN_OBJC_LITERAL_CONVERSION = YES;
				CLANG_WARN_OBJC_ROOT_CLASS = YES_ERROR;
				CLANG_WARN_QUOTED_INCLUDE_IN_FRAMEWORK_HEADER = YES;
				CLANG_WARN_RANGE_LOOP_ANALYSIS = YES;
				CLANG_WARN_STRICT_PROTOTYPES = YES;
				CLANG_WARN_SUSPICIOUS_MOVE = YES;
				CLANG_WARN_UNGUARDED_AVAILABILITY = YES_AGGRESSIVE;
				CLANG_WARN_UNREACHABLE_CODE = YES;
				CLANG_WARN__DUPLICATE_METHOD_MATCH = YES;
				COPY_PHASE_STRIP = NO;
				DEBUG_INFORMATION_FORMAT = "dwarf-with-dsym";
				ENABLE_NS_ASSERTIONS = NO;
				ENABLE_STRICT_OBJC_MSGSEND = YES;
				ENABLE_USER_SCRIPT_SANDBOXING = YES;
				GCC_C_LANGUAGE_STANDARD = gnu17;
				GCC_NO_COMMON_BLOCKS = YES;
				GCC_WARN_64_TO_32_BIT_CONVERSION = YES;
				GCC_WARN_ABOUT_RETURN_TYPE = YES_ERROR;
				GCC_WARN_UNDECLARED_SELECTOR = YES;
				GCC_WARN_UNINITIALIZED_AUTOS = YES_AGGRESSIVE;
				GCC_WARN_UNUSED_FUNCTION = YES;
				GCC_WARN_UNUSED_VARIABLE = YES;
				IPHONEOS_DEPLOYMENT_TARGET = 18.2;
				LOCALIZATION_PREFERS_STRING_CATALOGS = YES;
				MTL_ENABLE_DEBUG_INFO = NO;
				MTL_FAST_MATH = YES;
				SDKROOT = iphoneos;
				SWIFT_COMPILATION_MODE = wholemodule;
				VALIDATE_PRODUCT = YES;
			};
			name = Release;
		};
		58FE654B2D89F1CE00EA4791 /* Debug */ = {
			isa = XCBuildConfiguration;
			buildSettings = {
				ASSETCATALOG_COMPILER_APPICON_NAME = AppIcon;
				ASSETCATALOG_COMPILER_GLOBAL_ACCENT_COLOR_NAME = AccentColor;
				CODE_SIGN_STYLE = Automatic;
				CURRENT_PROJECT_VERSION = 1;
				DEVELOPMENT_ASSET_PATHS = "\"Marvel_Comicbook_Lore/Preview Content\"";
				DEVELOPMENT_TEAM = 3YV6C3YLPG;
				ENABLE_PREVIEWS = YES;
				GENERATE_INFOPLIST_FILE = YES;
				INFOPLIST_KEY_UIApplicationSceneManifest_Generation = YES;
				INFOPLIST_KEY_UIApplicationSupportsIndirectInputEvents = YES;
				INFOPLIST_KEY_UILaunchScreen_Generation = YES;
				INFOPLIST_KEY_UISupportedInterfaceOrientations_iPad = "UIInterfaceOrientationPortrait UIInterfaceOrientationPortraitUpsideDown UIInterfaceOrientationLandscapeLeft UIInterfaceOrientationLandscapeRight";
				INFOPLIST_KEY_UISupportedInterfaceOrientations_iPhone = "UIInterfaceOrientationPortrait UIInterfaceOrientationLandscapeLeft UIInterfaceOrientationLandscapeRight";
				LD_RUNPATH_SEARCH_PATHS = (
					"$(inherited)",
					"@executable_path/Frameworks",
				);
				MARKETING_VERSION = 1.0;
				PRODUCT_BUNDLE_IDENTIFIER = "SK5.Marvel-Comicbook-Lore";
				PRODUCT_NAME = "$(TARGET_NAME)";
				SWIFT_EMIT_LOC_STRINGS = YES;
				SWIFT_VERSION = 5.0;
				TARGETED_DEVICE_FAMILY = "1,2";
			};
			name = Debug;
		};
		58FE654C2D89F1CE00EA4791 /* Release */ = {
			isa = XCBuildConfiguration;
			buildSettings = {
				ASSETCATALOG_COMPILER_APPICON_NAME = AppIcon;
				ASSETCATALOG_COMPILER_GLOBAL_ACCENT_COLOR_NAME = AccentColor;
				CODE_SIGN_STYLE = Automatic;
				CURRENT_PROJECT_VERSION = 1;
				DEVELOPMENT_ASSET_PATHS = "\"Marvel_Comicbook_Lore/Preview Content\"";
				DEVELOPMENT_TEAM = 3YV6C3YLPG;
				ENABLE_PREVIEWS = YES;
				GENERATE_INFOPLIST_FILE = YES;
				INFOPLIST_KEY_UIApplicationSceneManifest_Generation = YES;
				INFOPLIST_KEY_UIApplicationSupportsIndirectInputEvents = YES;
				INFOPLIST_KEY_UILaunchScreen_Generation = YES;
				INFOPLIST_KEY_UISupportedInterfaceOrientations_iPad = "UIInterfaceOrientationPortrait UIInterfaceOrientationPortraitUpsideDown UIInterfaceOrientationLandscapeLeft UIInterfaceOrientationLandscapeRight";
				INFOPLIST_KEY_UISupportedInterfaceOrientations_iPhone = "UIInterfaceOrientationPortrait UIInterfaceOrientationLandscapeLeft UIInterfaceOrientationLandscapeRight";
				LD_RUNPATH_SEARCH_PATHS = (
					"$(inherited)",
					"@executable_path/Frameworks",
				);
				MARKETING_VERSION = 1.0;
				PRODUCT_BUNDLE_IDENTIFIER = "SK5.Marvel-Comicbook-Lore";
				PRODUCT_NAME = "$(TARGET_NAME)";
				SWIFT_EMIT_LOC_STRINGS = YES;
				SWIFT_VERSION = 5.0;
				TARGETED_DEVICE_FAMILY = "1,2";
			};
			name = Release;
		};
		58FE654E2D89F1CE00EA4791 /* Debug */ = {
			isa = XCBuildConfiguration;
			buildSettings = {
				BUNDLE_LOADER = "$(TEST_HOST)";
				CODE_SIGN_STYLE = Automatic;
				CURRENT_PROJECT_VERSION = 1;
				DEVELOPMENT_TEAM = 3YV6C3YLPG;
				GENERATE_INFOPLIST_FILE = YES;
				IPHONEOS_DEPLOYMENT_TARGET = 18.2;
				MARKETING_VERSION = 1.0;
				PRODUCT_BUNDLE_IDENTIFIER = "SK5.Marvel-Comicbook-LoreTests";
				PRODUCT_NAME = "$(TARGET_NAME)";
				SWIFT_EMIT_LOC_STRINGS = NO;
				SWIFT_VERSION = 5.0;
				TARGETED_DEVICE_FAMILY = "1,2";
				TEST_HOST = "$(BUILT_PRODUCTS_DIR)/Marvel_Comicbook_Lore.app/$(BUNDLE_EXECUTABLE_FOLDER_PATH)/Marvel_Comicbook_Lore";
			};
			name = Debug;
		};
		58FE654F2D89F1CE00EA4791 /* Release */ = {
			isa = XCBuildConfiguration;
			buildSettings = {
				BUNDLE_LOADER = "$(TEST_HOST)";
				CODE_SIGN_STYLE = Automatic;
				CURRENT_PROJECT_VERSION = 1;
				DEVELOPMENT_TEAM = 3YV6C3YLPG;
				GENERATE_INFOPLIST_FILE = YES;
				IPHONEOS_DEPLOYMENT_TARGET = 18.2;
				MARKETING_VERSION = 1.0;
				PRODUCT_BUNDLE_IDENTIFIER = "SK5.Marvel-Comicbook-LoreTests";
				PRODUCT_NAME = "$(TARGET_NAME)";
				SWIFT_EMIT_LOC_STRINGS = NO;
				SWIFT_VERSION = 5.0;
				TARGETED_DEVICE_FAMILY = "1,2";
				TEST_HOST = "$(BUILT_PRODUCTS_DIR)/Marvel_Comicbook_Lore.app/$(BUNDLE_EXECUTABLE_FOLDER_PATH)/Marvel_Comicbook_Lore";
			};
			name = Release;
		};
		58FE65512D89F1CE00EA4791 /* Debug */ = {
			isa = XCBuildConfiguration;
			buildSettings = {
				CODE_SIGN_STYLE = Automatic;
				CURRENT_PROJECT_VERSION = 1;
				DEVELOPMENT_TEAM = 3YV6C3YLPG;
				GENERATE_INFOPLIST_FILE = YES;
				MARKETING_VERSION = 1.0;
				PRODUCT_BUNDLE_IDENTIFIER = "SK5.Marvel-Comicbook-LoreUITests";
				PRODUCT_NAME = "$(TARGET_NAME)";
				SWIFT_EMIT_LOC_STRINGS = NO;
				SWIFT_VERSION = 5.0;
				TARGETED_DEVICE_FAMILY = "1,2";
				TEST_TARGET_NAME = Marvel_Comicbook_Lore;
			};
			name = Debug;
		};
		58FE65522D89F1CE00EA4791 /* Release */ = {
			isa = XCBuildConfiguration;
			buildSettings = {
				CODE_SIGN_STYLE = Automatic;
				CURRENT_PROJECT_VERSION = 1;
				DEVELOPMENT_TEAM = 3YV6C3YLPG;
				GENERATE_INFOPLIST_FILE = YES;
				MARKETING_VERSION = 1.0;
				PRODUCT_BUNDLE_IDENTIFIER = "SK5.Marvel-Comicbook-LoreUITests";
				PRODUCT_NAME = "$(TARGET_NAME)";
				SWIFT_EMIT_LOC_STRINGS = NO;
				SWIFT_VERSION = 5.0;
				TARGETED_DEVICE_FAMILY = "1,2";
				TEST_TARGET_NAME = Marvel_Comicbook_Lore;
			};
			name = Release;
		};
/* End XCBuildConfiguration section */

/* Begin XCConfigurationList section */
		58FE65212D89F1CC00EA4791 /* Build configuration list for PBXProject "Marvel_Comicbook_Lore" */ = {
			isa = XCConfigurationList;
			buildConfigurations = (
				58FE65482D89F1CE00EA4791 /* Debug */,
				58FE65492D89F1CE00EA4791 /* Release */,
			);
			defaultConfigurationIsVisible = 0;
			defaultConfigurationName = Release;
		};
		58FE654A2D89F1CE00EA4791 /* Build configuration list for PBXNativeTarget "Marvel_Comicbook_Lore" */ = {
			isa = XCConfigurationList;
			buildConfigurations = (
				58FE654B2D89F1CE00EA4791 /* Debug */,
				58FE654C2D89F1CE00EA4791 /* Release */,
			);
			defaultConfigurationIsVisible = 0;
			defaultConfigurationName = Release;
		};
		58FE654D2D89F1CE00EA4791 /* Build configuration list for PBXNativeTarget "Marvel_Comicbook_LoreTests" */ = {
			isa = XCConfigurationList;
			buildConfigurations = (
				58FE654E2D89F1CE00EA4791 /* Debug */,
				58FE654F2D89F1CE00EA4791 /* Release */,
			);
			defaultConfigurationIsVisible = 0;
			defaultConfigurationName = Release;
		};
		58FE65502D89F1CE00EA4791 /* Build configuration list for PBXNativeTarget "Marvel_Comicbook_LoreUITests" */ = {
			isa = XCConfigurationList;
			buildConfigurations = (
				58FE65512D89F1CE00EA4791 /* Debug */,
				58FE65522D89F1CE00EA4791 /* Release */,
			);
			defaultConfigurationIsVisible = 0;
			defaultConfigurationName = Release;
		};
/* End XCConfigurationList section */
	};
	rootObject = 58FE651E2D89F1CC00EA4791 /* Project object */;
}
